// !$*UTF8*$!
{
	archiveVersion = 1;
	classes = {
	};
	objectVersion = 56;
	objects = {

/* Begin PBXBuildFile section */
		BE7C28902B22AD7600B55068 /* Pokemon_IOSApp.swift in Sources */ = {isa = PBXBuildFile; fileRef = BE7C288F2B22AD7600B55068 /* Pokemon_IOSApp.swift */; };
		BE7C28922B22AD7600B55068 /* Persistence.swift in Sources */ = {isa = PBXBuildFile; fileRef = BE7C28912B22AD7600B55068 /* Persistence.swift */; };
		BE7C28952B22AD7600B55068 /* Pokemon_IOS.xcdatamodeld in Sources */ = {isa = PBXBuildFile; fileRef = BE7C28932B22AD7600B55068 /* Pokemon_IOS.xcdatamodeld */; };
		BE7C28972B22AD7600B55068 /* ContentView.swift in Sources */ = {isa = PBXBuildFile; fileRef = BE7C28962B22AD7600B55068 /* ContentView.swift */; };
		BE7C28992B22AD7700B55068 /* Assets.xcassets in Resources */ = {isa = PBXBuildFile; fileRef = BE7C28982B22AD7700B55068 /* Assets.xcassets */; };
		BE7C289D2B22AD7700B55068 /* Preview Assets.xcassets in Resources */ = {isa = PBXBuildFile; fileRef = BE7C289C2B22AD7700B55068 /* Preview Assets.xcassets */; };
		BE7C28AA2B25372900B55068 /* Pokemon_IOSTests.swift in Sources */ = {isa = PBXBuildFile; fileRef = BE7C28A92B25372900B55068 /* Pokemon_IOSTests.swift */; };
/* End PBXBuildFile section */

/* Begin PBXContainerItemProxy section */
		BE7C28AB2B25372900B55068 /* PBXContainerItemProxy */ = {
			isa = PBXContainerItemProxy;
			containerPortal = BE7C28842B22AD7600B55068 /* Project object */;
			proxyType = 1;
			remoteGlobalIDString = BE7C288B2B22AD7600B55068;
			remoteInfo = "Pokemon-IOS";
		};
/* End PBXContainerItemProxy section */

/* Begin PBXFileReference section */
		BE7C288C2B22AD7600B55068 /* Pokemon-IOS.app */ = {isa = PBXFileReference; explicitFileType = wrapper.application; includeInIndex = 0; path = "Pokemon-IOS.app"; sourceTree = BUILT_PRODUCTS_DIR; };
		BE7C288F2B22AD7600B55068 /* Pokemon_IOSApp.swift */ = {isa = PBXFileReference; lastKnownFileType = sourcecode.swift; path = Pokemon_IOSApp.swift; sourceTree = "<group>"; };
		BE7C28912B22AD7600B55068 /* Persistence.swift */ = {isa = PBXFileReference; lastKnownFileType = sourcecode.swift; path = Persistence.swift; sourceTree = "<group>"; };
		BE7C28942B22AD7600B55068 /* Pokemon_IOS.xcdatamodel */ = {isa = PBXFileReference; lastKnownFileType = wrapper.xcdatamodel; path = Pokemon_IOS.xcdatamodel; sourceTree = "<group>"; };
		BE7C28962B22AD7600B55068 /* ContentView.swift */ = {isa = PBXFileReference; lastKnownFileType = sourcecode.swift; path = ContentView.swift; sourceTree = "<group>"; };
		BE7C28982B22AD7700B55068 /* Assets.xcassets */ = {isa = PBXFileReference; lastKnownFileType = folder.assetcatalog; path = Assets.xcassets; sourceTree = "<group>"; };
		BE7C289A2B22AD7700B55068 /* Pokemon_IOS.entitlements */ = {isa = PBXFileReference; lastKnownFileType = text.plist.entitlements; path = Pokemon_IOS.entitlements; sourceTree = "<group>"; };
		BE7C289C2B22AD7700B55068 /* Preview Assets.xcassets */ = {isa = PBXFileReference; lastKnownFileType = folder.assetcatalog; path = "Preview Assets.xcassets"; sourceTree = "<group>"; };
		BE7C28A72B25372900B55068 /* Pokemon-IOSTests.xctest */ = {isa = PBXFileReference; explicitFileType = wrapper.cfbundle; includeInIndex = 0; path = "Pokemon-IOSTests.xctest"; sourceTree = BUILT_PRODUCTS_DIR; };
		BE7C28A92B25372900B55068 /* Pokemon_IOSTests.swift */ = {isa = PBXFileReference; lastKnownFileType = sourcecode.swift; path = Pokemon_IOSTests.swift; sourceTree = "<group>"; };
/* End PBXFileReference section */

/* Begin PBXFrameworksBuildPhase section */
		BE7C28892B22AD7600B55068 /* Frameworks */ = {
			isa = PBXFrameworksBuildPhase;
			buildActionMask = 2147483647;
			files = (
			);
			runOnlyForDeploymentPostprocessing = 0;
		};
		BE7C28A42B25372900B55068 /* Frameworks */ = {
			isa = PBXFrameworksBuildPhase;
			buildActionMask = 2147483647;
			files = (
			);
			runOnlyForDeploymentPostprocessing = 0;
		};
/* End PBXFrameworksBuildPhase section */

/* Begin PBXGroup section */
		BE7C28832B22AD7600B55068 = {
			isa = PBXGroup;
			children = (
				BE7C288E2B22AD7600B55068 /* Pokemon-IOS */,
				BE7C28A82B25372900B55068 /* Pokemon-IOSTests */,
				BE7C288D2B22AD7600B55068 /* Products */,
			);
			sourceTree = "<group>";
		};
		BE7C288D2B22AD7600B55068 /* Products */ = {
			isa = PBXGroup;
			children = (
				BE7C288C2B22AD7600B55068 /* Pokemon-IOS.app */,
				BE7C28A72B25372900B55068 /* Pokemon-IOSTests.xctest */,
			);
			name = Products;
			sourceTree = "<group>";
		};
		BE7C288E2B22AD7600B55068 /* Pokemon-IOS */ = {
			isa = PBXGroup;
			children = (
				BE7C288F2B22AD7600B55068 /* Pokemon_IOSApp.swift */,
				BE7C28912B22AD7600B55068 /* Persistence.swift */,
				BE7C28962B22AD7600B55068 /* ContentView.swift */,
				BE7C28982B22AD7700B55068 /* Assets.xcassets */,
				BE7C289A2B22AD7700B55068 /* Pokemon_IOS.entitlements */,
				BE7C28932B22AD7600B55068 /* Pokemon_IOS.xcdatamodeld */,
				BE7C289B2B22AD7700B55068 /* Preview Content */,
			);
			path = "Pokemon-IOS";
			sourceTree = "<group>";
		};
		BE7C289B2B22AD7700B55068 /* Preview Content */ = {
			isa = PBXGroup;
			children = (
				BE7C289C2B22AD7700B55068 /* Preview Assets.xcassets */,
			);
			path = "Preview Content";
			sourceTree = "<group>";
		};
		BE7C28A82B25372900B55068 /* Pokemon-IOSTests */ = {
			isa = PBXGroup;
			children = (
				BE7C28A92B25372900B55068 /* Pokemon_IOSTests.swift */,
			);
			path = "Pokemon-IOSTests";
			sourceTree = "<group>";
		};
/* End PBXGroup section */

/* Begin PBXNativeTarget section */
		BE7C288B2B22AD7600B55068 /* Pokemon-IOS */ = {
			isa = PBXNativeTarget;
			buildConfigurationList = BE7C28A02B22AD7700B55068 /* Build configuration list for PBXNativeTarget "Pokemon-IOS" */;
			buildPhases = (
				BE7C28882B22AD7600B55068 /* Sources */,
				BE7C28892B22AD7600B55068 /* Frameworks */,
				BE7C288A2B22AD7600B55068 /* Resources */,
			);
			buildRules = (
			);
			dependencies = (
			);
			name = "Pokemon-IOS";
			productName = "Pokemon-IOS";
			productReference = BE7C288C2B22AD7600B55068 /* Pokemon-IOS.app */;
			productType = "com.apple.product-type.application";
		};
		BE7C28A62B25372900B55068 /* Pokemon-IOSTests */ = {
			isa = PBXNativeTarget;
			buildConfigurationList = BE7C28AD2B25372900B55068 /* Build configuration list for PBXNativeTarget "Pokemon-IOSTests" */;
			buildPhases = (
				BE7C28A32B25372900B55068 /* Sources */,
				BE7C28A42B25372900B55068 /* Frameworks */,
				BE7C28A52B25372900B55068 /* Resources */,
			);
			buildRules = (
			);
			dependencies = (
				BE7C28AC2B25372900B55068 /* PBXTargetDependency */,
			);
			name = "Pokemon-IOSTests";
			productName = "Pokemon-IOSTests";
			productReference = BE7C28A72B25372900B55068 /* Pokemon-IOSTests.xctest */;
			productType = "com.apple.product-type.bundle.unit-test";
		};
/* End PBXNativeTarget section */

/* Begin PBXProject section */
		BE7C28842B22AD7600B55068 /* Project object */ = {
			isa = PBXProject;
			attributes = {
				BuildIndependentTargetsInParallel = 1;
				LastSwiftUpdateCheck = 1500;
				LastUpgradeCheck = 1500;
				TargetAttributes = {
					BE7C288B2B22AD7600B55068 = {
						CreatedOnToolsVersion = 15.0.1;
					};
					BE7C28A62B25372900B55068 = {
						CreatedOnToolsVersion = 15.0.1;
						TestTargetID = BE7C288B2B22AD7600B55068;
					};
				};
			};
			buildConfigurationList = BE7C28872B22AD7600B55068 /* Build configuration list for PBXProject "Pokemon-IOS" */;
			compatibilityVersion = "Xcode 14.0";
			developmentRegion = en;
			hasScannedForEncodings = 0;
			knownRegions = (
				en,
				Base,
			);
			mainGroup = BE7C28832B22AD7600B55068;
			productRefGroup = BE7C288D2B22AD7600B55068 /* Products */;
			projectDirPath = "";
			projectRoot = "";
			targets = (
				BE7C288B2B22AD7600B55068 /* Pokemon-IOS */,
				BE7C28A62B25372900B55068 /* Pokemon-IOSTests */,
			);
		};
/* End PBXProject section */

/* Begin PBXResourcesBuildPhase section */
		BE7C288A2B22AD7600B55068 /* Resources */ = {
			isa = PBXResourcesBuildPhase;
			buildActionMask = 2147483647;
			files = (
				BE7C289D2B22AD7700B55068 /* Preview Assets.xcassets in Resources */,
				BE7C28992B22AD7700B55068 /* Assets.xcassets in Resources */,
			);
			runOnlyForDeploymentPostprocessing = 0;
		};
		BE7C28A52B25372900B55068 /* Resources */ = {
			isa = PBXResourcesBuildPhase;
			buildActionMask = 2147483647;
			files = (
			);
			runOnlyForDeploymentPostprocessing = 0;
		};
/* End PBXResourcesBuildPhase section */

/* Begin PBXSourcesBuildPhase section */
		BE7C28882B22AD7600B55068 /* Sources */ = {
			isa = PBXSourcesBuildPhase;
			buildActionMask = 2147483647;
			files = (
				BE7C28902B22AD7600B55068 /* Pokemon_IOSApp.swift in Sources */,
				BE7C28922B22AD7600B55068 /* Persistence.swift in Sources */,
				BE7C28972B22AD7600B55068 /* ContentView.swift in Sources */,
				BE7C28952B22AD7600B55068 /* Pokemon_IOS.xcdatamodeld in Sources */,
			);
			runOnlyForDeploymentPostprocessing = 0;
		};
		BE7C28A32B25372900B55068 /* Sources */ = {
			isa = PBXSourcesBuildPhase;
			buildActionMask = 2147483647;
			files = (
				BE7C28AA2B25372900B55068 /* Pokemon_IOSTests.swift in Sources */,
			);
			runOnlyForDeploymentPostprocessing = 0;
		};
/* End PBXSourcesBuildPhase section */

/* Begin PBXTargetDependency section */
		BE7C28AC2B25372900B55068 /* PBXTargetDependency */ = {
			isa = PBXTargetDependency;
			target = BE7C288B2B22AD7600B55068 /* Pokemon-IOS */;
			targetProxy = BE7C28AB2B25372900B55068 /* PBXContainerItemProxy */;
		};
/* End PBXTargetDependency section */

/* Begin XCBuildConfiguration section */
		BE7C289E2B22AD7700B55068 /* Debug */ = {
			isa = XCBuildConfiguration;
			buildSettings = {
				ALWAYS_SEARCH_USER_PATHS = NO;
				ASSETCATALOG_COMPILER_GENERATE_SWIFT_ASSET_SYMBOL_EXTENSIONS = YES;
				CLANG_ANALYZER_NONNULL = YES;
				CLANG_ANALYZER_NUMBER_OBJECT_CONVERSION = YES_AGGRESSIVE;
				CLANG_CXX_LANGUAGE_STANDARD = "gnu++20";
				CLANG_ENABLE_MODULES = YES;
				CLANG_ENABLE_OBJC_ARC = YES;
				CLANG_ENABLE_OBJC_WEAK = YES;
				CLANG_WARN_BLOCK_CAPTURE_AUTORELEASING = YES;
				CLANG_WARN_BOOL_CONVERSION = YES;
				CLANG_WARN_COMMA = YES;
				CLANG_WARN_CONSTANT_CONVERSION = YES;
				CLANG_WARN_DEPRECATED_OBJC_IMPLEMENTATIONS = YES;
				CLANG_WARN_DIRECT_OBJC_ISA_USAGE = YES_ERROR;
				CLANG_WARN_DOCUMENTATION_COMMENTS = YES;
				CLANG_WARN_EMPTY_BODY = YES;
				CLANG_WARN_ENUM_CONVERSION = YES;
				CLANG_WARN_INFINITE_RECURSION = YES;
				CLANG_WARN_INT_CONVERSION = YES;
				CLANG_WARN_NON_LITERAL_NULL_CONVERSION = YES;
				CLANG_WARN_OBJC_IMPLICIT_RETAIN_SELF = YES;
				CLANG_WARN_OBJC_LITERAL_CONVERSION = YES;
				CLANG_WARN_OBJC_ROOT_CLASS = YES_ERROR;
				CLANG_WARN_QUOTED_INCLUDE_IN_FRAMEWORK_HEADER = YES;
				CLANG_WARN_RANGE_LOOP_ANALYSIS = YES;
				CLANG_WARN_STRICT_PROTOTYPES = YES;
				CLANG_WARN_SUSPICIOUS_MOVE = YES;
				CLANG_WARN_UNGUARDED_AVAILABILITY = YES_AGGRESSIVE;
				CLANG_WARN_UNREACHABLE_CODE = YES;
				CLANG_WARN__DUPLICATE_METHOD_MATCH = YES;
				COPY_PHASE_STRIP = NO;
				DEBUG_INFORMATION_FORMAT = dwarf;
				ENABLE_STRICT_OBJC_MSGSEND = YES;
				ENABLE_TESTABILITY = YES;
				ENABLE_USER_SCRIPT_SANDBOXING = YES;
				GCC_C_LANGUAGE_STANDARD = gnu17;
				GCC_DYNAMIC_NO_PIC = NO;
				GCC_NO_COMMON_BLOCKS = YES;
				GCC_OPTIMIZATION_LEVEL = 0;
				GCC_PREPROCESSOR_DEFINITIONS = (
					"DEBUG=1",
					"$(inherited)",
				);
				GCC_WARN_64_TO_32_BIT_CONVERSION = YES;
				GCC_WARN_ABOUT_RETURN_TYPE = YES_ERROR;
				GCC_WARN_UNDECLARED_SELECTOR = YES;
				GCC_WARN_UNINITIALIZED_AUTOS = YES_AGGRESSIVE;
				GCC_WARN_UNUSED_FUNCTION = YES;
				GCC_WARN_UNUSED_VARIABLE = YES;
				LOCALIZATION_PREFERS_STRING_CATALOGS = YES;
				MTL_ENABLE_DEBUG_INFO = INCLUDE_SOURCE;
				MTL_FAST_MATH = YES;
				ONLY_ACTIVE_ARCH = YES;
				SWIFT_ACTIVE_COMPILATION_CONDITIONS = "DEBUG $(inherited)";
				SWIFT_OPTIMIZATION_LEVEL = "-Onone";
			};
			name = Debug;
		};
		BE7C289F2B22AD7700B55068 /* Release */ = {
			isa = XCBuildConfiguration;
			buildSettings = {
				ALWAYS_SEARCH_USER_PATHS = NO;
				ASSETCATALOG_COMPILER_GENERATE_SWIFT_ASSET_SYMBOL_EXTENSIONS = YES;
				CLANG_ANALYZER_NONNULL = YES;
				CLANG_ANALYZER_NUMBER_OBJECT_CONVERSION = YES_AGGRESSIVE;
				CLANG_CXX_LANGUAGE_STANDARD = "gnu++20";
				CLANG_ENABLE_MODULES = YES;
				CLANG_ENABLE_OBJC_ARC = YES;
				CLANG_ENABLE_OBJC_WEAK = YES;
				CLANG_WARN_BLOCK_CAPTURE_AUTORELEASING = YES;
				CLANG_WARN_BOOL_CONVERSION = YES;
				CLANG_WARN_COMMA = YES;
				CLANG_WARN_CONSTANT_CONVERSION = YES;
				CLANG_WARN_DEPRECATED_OBJC_IMPLEMENTATIONS = YES;
				CLANG_WARN_DIRECT_OBJC_ISA_USAGE = YES_ERROR;
				CLANG_WARN_DOCUMENTATION_COMMENTS = YES;
				CLANG_WARN_EMPTY_BODY = YES;
				CLANG_WARN_ENUM_CONVERSION = YES;
				CLANG_WARN_INFINITE_RECURSION = YES;
				CLANG_WARN_INT_CONVERSION = YES;
				CLANG_WARN_NON_LITERAL_NULL_CONVERSION = YES;
				CLANG_WARN_OBJC_IMPLICIT_RETAIN_SELF = YES;
				CLANG_WARN_OBJC_LITERAL_CONVERSION = YES;
				CLANG_WARN_OBJC_ROOT_CLASS = YES_ERROR;
				CLANG_WARN_QUOTED_INCLUDE_IN_FRAMEWORK_HEADER = YES;
				CLANG_WARN_RANGE_LOOP_ANALYSIS = YES;
				CLANG_WARN_STRICT_PROTOTYPES = YES;
				CLANG_WARN_SUSPICIOUS_MOVE = YES;
				CLANG_WARN_UNGUARDED_AVAILABILITY = YES_AGGRESSIVE;
				CLANG_WARN_UNREACHABLE_CODE = YES;
				CLANG_WARN__DUPLICATE_METHOD_MATCH = YES;
				COPY_PHASE_STRIP = NO;
				DEBUG_INFORMATION_FORMAT = "dwarf-with-dsym";
				ENABLE_NS_ASSERTIONS = NO;
				ENABLE_STRICT_OBJC_MSGSEND = YES;
				ENABLE_USER_SCRIPT_SANDBOXING = YES;
				GCC_C_LANGUAGE_STANDARD = gnu17;
				GCC_NO_COMMON_BLOCKS = YES;
				GCC_WARN_64_TO_32_BIT_CONVERSION = YES;
				GCC_WARN_ABOUT_RETURN_TYPE = YES_ERROR;
				GCC_WARN_UNDECLARED_SELECTOR = YES;
				GCC_WARN_UNINITIALIZED_AUTOS = YES_AGGRESSIVE;
				GCC_WARN_UNUSED_FUNCTION = YES;
				GCC_WARN_UNUSED_VARIABLE = YES;
				LOCALIZATION_PREFERS_STRING_CATALOGS = YES;
				MTL_ENABLE_DEBUG_INFO = NO;
				MTL_FAST_MATH = YES;
				SWIFT_COMPILATION_MODE = wholemodule;
			};
			name = Release;
		};
		BE7C28A12B22AD7700B55068 /* Debug */ = {
			isa = XCBuildConfiguration;
			buildSettings = {
				ASSETCATALOG_COMPILER_APPICON_NAME = AppIcon;
				ASSETCATALOG_COMPILER_GLOBAL_ACCENT_COLOR_NAME = AccentColor;
				CODE_SIGN_ENTITLEMENTS = "Pokemon-IOS/Pokemon_IOS.entitlements";
				CODE_SIGN_STYLE = Automatic;
				CURRENT_PROJECT_VERSION = 1;
				DEVELOPMENT_ASSET_PATHS = "\"Pokemon-IOS/Preview Content\"";
				ENABLE_PREVIEWS = YES;
				GENERATE_INFOPLIST_FILE = YES;
				"INFOPLIST_KEY_UIApplicationSceneManifest_Generation[sdk=iphoneos*]" = YES;
				"INFOPLIST_KEY_UIApplicationSceneManifest_Generation[sdk=iphonesimulator*]" = YES;
				"INFOPLIST_KEY_UIApplicationSupportsIndirectInputEvents[sdk=iphoneos*]" = YES;
				"INFOPLIST_KEY_UIApplicationSupportsIndirectInputEvents[sdk=iphonesimulator*]" = YES;
				"INFOPLIST_KEY_UILaunchScreen_Generation[sdk=iphoneos*]" = YES;
				"INFOPLIST_KEY_UILaunchScreen_Generation[sdk=iphonesimulator*]" = YES;
				"INFOPLIST_KEY_UIStatusBarStyle[sdk=iphoneos*]" = UIStatusBarStyleDefault;
				"INFOPLIST_KEY_UIStatusBarStyle[sdk=iphonesimulator*]" = UIStatusBarStyleDefault;
				INFOPLIST_KEY_UISupportedInterfaceOrientations_iPad = "UIInterfaceOrientationPortrait UIInterfaceOrientationPortraitUpsideDown UIInterfaceOrientationLandscapeLeft UIInterfaceOrientationLandscapeRight";
				INFOPLIST_KEY_UISupportedInterfaceOrientations_iPhone = "UIInterfaceOrientationPortrait UIInterfaceOrientationLandscapeLeft UIInterfaceOrientationLandscapeRight";
				IPHONEOS_DEPLOYMENT_TARGET = 17.0;
				LD_RUNPATH_SEARCH_PATHS = "@executable_path/Frameworks";
				"LD_RUNPATH_SEARCH_PATHS[sdk=macosx*]" = "@executable_path/../Frameworks";
				MACOSX_DEPLOYMENT_TARGET = 14.0;
				MARKETING_VERSION = 1.0;
				PRODUCT_BUNDLE_IDENTIFIER = "test.konfio.carlos.molina.com.Pokemon-IOS";
				PRODUCT_NAME = "$(TARGET_NAME)";
				SDKROOT = auto;
				SUPPORTED_PLATFORMS = "iphoneos iphonesimulator";
				SUPPORTS_MACCATALYST = NO;
				SWIFT_EMIT_LOC_STRINGS = YES;
				SWIFT_VERSION = 5.0;
				TARGETED_DEVICE_FAMILY = "1,2";
			};
			name = Debug;
		};
		BE7C28A22B22AD7700B55068 /* Release */ = {
			isa = XCBuildConfiguration;
			buildSettings = {
				ASSETCATALOG_COMPILER_APPICON_NAME = AppIcon;
				ASSETCATALOG_COMPILER_GLOBAL_ACCENT_COLOR_NAME = AccentColor;
				CODE_SIGN_ENTITLEMENTS = "Pokemon-IOS/Pokemon_IOS.entitlements";
				CODE_SIGN_STYLE = Automatic;
				CURRENT_PROJECT_VERSION = 1;
				DEVELOPMENT_ASSET_PATHS = "\"Pokemon-IOS/Preview Content\"";
				ENABLE_PREVIEWS = YES;
				GENERATE_INFOPLIST_FILE = YES;
				"INFOPLIST_KEY_UIApplicationSceneManifest_Generation[sdk=iphoneos*]" = YES;
				"INFOPLIST_KEY_UIApplicationSceneManifest_Generation[sdk=iphonesimulator*]" = YES;
				"INFOPLIST_KEY_UIApplicationSupportsIndirectInputEvents[sdk=iphoneos*]" = YES;
				"INFOPLIST_KEY_UIApplicationSupportsIndirectInputEvents[sdk=iphonesimulator*]" = YES;
				"INFOPLIST_KEY_UILaunchScreen_Generation[sdk=iphoneos*]" = YES;
				"INFOPLIST_KEY_UILaunchScreen_Generation[sdk=iphonesimulator*]" = YES;
				"INFOPLIST_KEY_UIStatusBarStyle[sdk=iphoneos*]" = UIStatusBarStyleDefault;
				"INFOPLIST_KEY_UIStatusBarStyle[sdk=iphonesimulator*]" = UIStatusBarStyleDefault;
				INFOPLIST_KEY_UISupportedInterfaceOrientations_iPad = "UIInterfaceOrientationPortrait UIInterfaceOrientationPortraitUpsideDown UIInterfaceOrientationLandscapeLeft UIInterfaceOrientationLandscapeRight";
				INFOPLIST_KEY_UISupportedInterfaceOrientations_iPhone = "UIInterfaceOrientationPortrait UIInterfaceOrientationLandscapeLeft UIInterfaceOrientationLandscapeRight";
				IPHONEOS_DEPLOYMENT_TARGET = 17.0;
				LD_RUNPATH_SEARCH_PATHS = "@executable_path/Frameworks";
				"LD_RUNPATH_SEARCH_PATHS[sdk=macosx*]" = "@executable_path/../Frameworks";
				MACOSX_DEPLOYMENT_TARGET = 14.0;
				MARKETING_VERSION = 1.0;
				PRODUCT_BUNDLE_IDENTIFIER = "test.konfio.carlos.molina.com.Pokemon-IOS";
				PRODUCT_NAME = "$(TARGET_NAME)";
				SDKROOT = auto;
				SUPPORTED_PLATFORMS = "iphoneos iphonesimulator";
				SUPPORTS_MACCATALYST = NO;
				SWIFT_EMIT_LOC_STRINGS = YES;
				SWIFT_VERSION = 5.0;
				TARGETED_DEVICE_FAMILY = "1,2";
			};
			name = Release;
		};
		BE7C28AE2B25372900B55068 /* Debug */ = {
			isa = XCBuildConfiguration;
			buildSettings = {
				BUNDLE_LOADER = "$(TEST_HOST)";
				CODE_SIGN_STYLE = Automatic;
				CURRENT_PROJECT_VERSION = 1;
				GENERATE_INFOPLIST_FILE = YES;
				IPHONEOS_DEPLOYMENT_TARGET = 17.0;
				MARKETING_VERSION = 1.0;
				PRODUCT_BUNDLE_IDENTIFIER = "test.konfio.carlos.molina.com.Pokemon-IOSTests";
				PRODUCT_NAME = "$(TARGET_NAME)";
				SDKROOT = iphoneos;
				SUPPORTED_PLATFORMS = "iphoneos iphonesimulator";
				SUPPORTS_MACCATALYST = NO;
				SUPPORTS_MAC_DESIGNED_FOR_IPHONE_IPAD = NO;
				SWIFT_EMIT_LOC_STRINGS = NO;
				SWIFT_VERSION = 5.0;
				TARGETED_DEVICE_FAMILY = "1,2";
				TEST_HOST = "$(BUILT_PRODUCTS_DIR)/Pokemon-IOS.app/$(BUNDLE_EXECUTABLE_FOLDER_PATH)/Pokemon-IOS";
			};
			name = Debug;
		};
		BE7C28AF2B25372900B55068 /* Release */ = {
			isa = XCBuildConfiguration;
			buildSettings = {
				BUNDLE_LOADER = "$(TEST_HOST)";
				CODE_SIGN_STYLE = Automatic;
				CURRENT_PROJECT_VERSION = 1;
				GENERATE_INFOPLIST_FILE = YES;
				IPHONEOS_DEPLOYMENT_TARGET = 17.0;
				MARKETING_VERSION = 1.0;
				PRODUCT_BUNDLE_IDENTIFIER = "test.konfio.carlos.molina.com.Pokemon-IOSTests";
				PRODUCT_NAME = "$(TARGET_NAME)";
				SDKROOT = iphoneos;
				SUPPORTED_PLATFORMS = "iphoneos iphonesimulator";
				SUPPORTS_MACCATALYST = NO;
				SUPPORTS_MAC_DESIGNED_FOR_IPHONE_IPAD = NO;
				SWIFT_EMIT_LOC_STRINGS = NO;
				SWIFT_VERSION = 5.0;
				TARGETED_DEVICE_FAMILY = "1,2";
				TEST_HOST = "$(BUILT_PRODUCTS_DIR)/Pokemon-IOS.app/$(BUNDLE_EXECUTABLE_FOLDER_PATH)/Pokemon-IOS";
				VALIDATE_PRODUCT = YES;
			};
			name = Release;
		};
/* End XCBuildConfiguration section */

/* Begin XCConfigurationList section */
		BE7C28872B22AD7600B55068 /* Build configuration list for PBXProject "Pokemon-IOS" */ = {
			isa = XCConfigurationList;
			buildConfigurations = (
				BE7C289E2B22AD7700B55068 /* Debug */,
				BE7C289F2B22AD7700B55068 /* Release */,
			);
			defaultConfigurationIsVisible = 0;
			defaultConfigurationName = Release;
		};
		BE7C28A02B22AD7700B55068 /* Build configuration list for PBXNativeTarget "Pokemon-IOS" */ = {
			isa = XCConfigurationList;
			buildConfigurations = (
				BE7C28A12B22AD7700B55068 /* Debug */,
				BE7C28A22B22AD7700B55068 /* Release */,
			);
			defaultConfigurationIsVisible = 0;
			defaultConfigurationName = Release;
		};
		BE7C28AD2B25372900B55068 /* Build configuration list for PBXNativeTarget "Pokemon-IOSTests" */ = {
			isa = XCConfigurationList;
			buildConfigurations = (
				BE7C28AE2B25372900B55068 /* Debug */,
				BE7C28AF2B25372900B55068 /* Release */,
			);
			defaultConfigurationIsVisible = 0;
			defaultConfigurationName = Release;
		};
/* End XCConfigurationList section */

/* Begin XCVersionGroup section */
		BE7C28932B22AD7600B55068 /* Pokemon_IOS.xcdatamodeld */ = {
			isa = XCVersionGroup;
			children = (
				BE7C28942B22AD7600B55068 /* Pokemon_IOS.xcdatamodel */,
			);
			currentVersion = BE7C28942B22AD7600B55068 /* Pokemon_IOS.xcdatamodel */;
			path = Pokemon_IOS.xcdatamodeld;
			sourceTree = "<group>";
			versionGroupType = wrapper.xcdatamodel;
		};
/* End XCVersionGroup section */
	};
	rootObject = BE7C28842B22AD7600B55068 /* Project object */;
}
